
Microsoft Visual Studio Solution File, Format Version 12.00
# Visual Studio Version 17
VisualStudioVersion = 17.8.34316.72
MinimumVisualStudioVersion = 10.0.40219.1
Project("{9A19103F-16F7-4668-BE54-9A1E7A4F7556}") = "YTStorage", "YTStorage.csproj", "{555371B8-EE2C-421F-97FF-B8D3FC4DC83F}"
EndProject
Project("{9A19103F-16F7-4668-BE54-9A1E7A4F7556}") = "YTStorage.Schemas", "..\YTStorage.Schemas\YTStorage.Schemas.csproj", "{2CD2006A-A2DC-45A7-B2AF-3C27A7107585}"
EndProject
Project("{9A19103F-16F7-4668-BE54-9A1E7A4F7556}") = "YTStorage.Assets", "..\YTStorage.Assets\YTStorage.Assets.csproj", "{5E6C02DF-1494-4FF0-908D-C137FD1D8B19}"
EndProject
Project("{FAE04EC0-301F-11D3-BF4B-00C04F79EFBC}") = "YTStorage.Services", "..\YTStorage.Services\YTStorage.Services.csproj", "{04445FCA-54B2-460E-B483-2D5ECD4A4709}"
EndProject
Global
	GlobalSection(SolutionConfigurationPlatforms) = preSolution
		Debug|Any CPU = Debug|Any CPU
		Release|Any CPU = Release|Any CPU
	EndGlobalSection
	GlobalSection(ProjectConfigurationPlatforms) = postSolution
		{555371B8-EE2C-421F-97FF-B8D3FC4DC83F}.Debug|Any CPU.ActiveCfg = Debug|Any CPU
		{555371B8-EE2C-421F-97FF-B8D3FC4DC83F}.Debug|Any CPU.Build.0 = Debug|Any CPU
		{555371B8-EE2C-421F-97FF-B8D3FC4DC83F}.Release|Any CPU.ActiveCfg = Release|Any CPU
		{555371B8-EE2C-421F-97FF-B8D3FC4DC83F}.Release|Any CPU.Build.0 = Release|Any CPU
		{2CD2006A-A2DC-45A7-B2AF-3C27A7107585}.Debug|Any CPU.ActiveCfg = Debug|Any CPU
		{2CD2006A-A2DC-45A7-B2AF-3C27A7107585}.Debug|Any CPU.Build.0 = Debug|Any CPU
		{2CD2006A-A2DC-45A7-B2AF-3C27A7107585}.Release|Any CPU.ActiveCfg = Release|Any CPU
		{2CD2006A-A2DC-45A7-B2AF-3C27A7107585}.Release|Any CPU.Build.0 = Release|Any CPU
		{5E6C02DF-1494-4FF0-908D-C137FD1D8B19}.Debug|Any CPU.ActiveCfg = Debug|Any CPU
		{5E6C02DF-1494-4FF0-908D-C137FD1D8B19}.Debug|Any CPU.Build.0 = Debug|Any CPU
		{5E6C02DF-1494-4FF0-908D-C137FD1D8B19}.Release|Any CPU.ActiveCfg = Release|Any CPU
		{5E6C02DF-1494-4FF0-908D-C137FD1D8B19}.Release|Any CPU.Build.0 = Release|Any CPU
		{04445FCA-54B2-460E-B483-2D5ECD4A4709}.Debug|Any CPU.ActiveCfg = Debug|Any CPU
		{04445FCA-54B2-460E-B483-2D5ECD4A4709}.Debug|Any CPU.Build.0 = Debug|Any CPU
		{04445FCA-54B2-460E-B483-2D5ECD4A4709}.Release|Any CPU.ActiveCfg = Release|Any CPU
		{04445FCA-54B2-460E-B483-2D5ECD4A4709}.Release|Any CPU.Build.0 = Release|Any CPU
	EndGlobalSection
	GlobalSection(SolutionProperties) = preSolution
		HideSolutionNode = FALSE
	EndGlobalSection
	GlobalSection(ExtensibilityGlobals) = postSolution
		SolutionGuid = {44FA72E5-D220-42AB-B63D-C0310BB6A3DB}
	EndGlobalSection
EndGlobal
